// !$*UTF8*$!
{
	archiveVersion = 1;
	classes = {
	};
	objectVersion = 50;
	objects = {

/* Begin PBXBuildFile section */
		47D9292C2207984300B7DAF5 /* AppDelegate.swift in Sources */ = {isa = PBXBuildFile; fileRef = 47D9292B2207984300B7DAF5 /* AppDelegate.swift */; };
		47D9292E2207984300B7DAF5 /* ViewController.swift in Sources */ = {isa = PBXBuildFile; fileRef = 47D9292D2207984300B7DAF5 /* ViewController.swift */; };
		47D929332207984400B7DAF5 /* Assets.xcassets in Resources */ = {isa = PBXBuildFile; fileRef = 47D929322207984400B7DAF5 /* Assets.xcassets */; };
		47D929362207984400B7DAF5 /* LaunchScreen.storyboard in Resources */ = {isa = PBXBuildFile; fileRef = 47D929342207984400B7DAF5 /* LaunchScreen.storyboard */; };
		47D9294F2207993300B7DAF5 /* ViewControllerTests.swift in Sources */ = {isa = PBXBuildFile; fileRef = 47D9294E2207993300B7DAF5 /* ViewControllerTests.swift */; };
/* End PBXBuildFile section */

/* Begin PBXContainerItemProxy section */
		47D9293D2207984400B7DAF5 /* PBXContainerItemProxy */ = {
			isa = PBXContainerItemProxy;
			containerPortal = 47D929202207984300B7DAF5 /* Project object */;
			proxyType = 1;
			remoteGlobalIDString = 47D929272207984300B7DAF5;
			remoteInfo = WineSearcher;
		};
/* End PBXContainerItemProxy section */

/* Begin PBXFileReference section */
		47D929282207984300B7DAF5 /* WineSearcher.app */ = {isa = PBXFileReference; explicitFileType = wrapper.application; includeInIndex = 0; path = WineSearcher.app; sourceTree = BUILT_PRODUCTS_DIR; };
		47D9292B2207984300B7DAF5 /* AppDelegate.swift */ = {isa = PBXFileReference; lastKnownFileType = sourcecode.swift; path = AppDelegate.swift; sourceTree = "<group>"; };
		47D9292D2207984300B7DAF5 /* ViewController.swift */ = {isa = PBXFileReference; lastKnownFileType = sourcecode.swift; path = ViewController.swift; sourceTree = "<group>"; };
		47D929322207984400B7DAF5 /* Assets.xcassets */ = {isa = PBXFileReference; lastKnownFileType = folder.assetcatalog; path = Assets.xcassets; sourceTree = "<group>"; };
		47D929352207984400B7DAF5 /* Base */ = {isa = PBXFileReference; lastKnownFileType = file.storyboard; name = Base; path = Base.lproj/LaunchScreen.storyboard; sourceTree = "<group>"; };
		47D929372207984400B7DAF5 /* Info.plist */ = {isa = PBXFileReference; lastKnownFileType = text.plist.xml; path = Info.plist; sourceTree = "<group>"; };
		47D9293C2207984400B7DAF5 /* WineSearcherTests.xctest */ = {isa = PBXFileReference; explicitFileType = wrapper.cfbundle; includeInIndex = 0; path = WineSearcherTests.xctest; sourceTree = BUILT_PRODUCTS_DIR; };
		47D929422207984400B7DAF5 /* Info.plist */ = {isa = PBXFileReference; lastKnownFileType = text.plist.xml; path = Info.plist; sourceTree = "<group>"; };
		47D9294E2207993300B7DAF5 /* ViewControllerTests.swift */ = {isa = PBXFileReference; lastKnownFileType = sourcecode.swift; path = ViewControllerTests.swift; sourceTree = "<group>"; };
/* End PBXFileReference section */

/* Begin PBXFrameworksBuildPhase section */
		47D929252207984300B7DAF5 /* Frameworks */ = {
			isa = PBXFrameworksBuildPhase;
			buildActionMask = 2147483647;
			files = (
			);
			runOnlyForDeploymentPostprocessing = 0;
		};
		47D929392207984400B7DAF5 /* Frameworks */ = {
			isa = PBXFrameworksBuildPhase;
			buildActionMask = 2147483647;
			files = (
			);
			runOnlyForDeploymentPostprocessing = 0;
		};
/* End PBXFrameworksBuildPhase section */

/* Begin PBXGroup section */
		47D9291F2207984300B7DAF5 = {
			isa = PBXGroup;
			children = (
				47D9292A2207984300B7DAF5 /* WineSearcher */,
				47D9293F2207984400B7DAF5 /* WineSearcherTests */,
				47D929292207984300B7DAF5 /* Products */,
			);
			sourceTree = "<group>";
		};
		47D929292207984300B7DAF5 /* Products */ = {
			isa = PBXGroup;
			children = (
				47D929282207984300B7DAF5 /* WineSearcher.app */,
				47D9293C2207984400B7DAF5 /* WineSearcherTests.xctest */,
			);
			name = Products;
			sourceTree = "<group>";
		};
		47D9292A2207984300B7DAF5 /* WineSearcher */ = {
			isa = PBXGroup;
			children = (
				47D9294C2207991C00B7DAF5 /* UI */,
				47D9294B220798D500B7DAF5 /* SupportingFiles */,
			);
			path = WineSearcher;
			sourceTree = "<group>";
		};
		47D9293F2207984400B7DAF5 /* WineSearcherTests */ = {
			isa = PBXGroup;
			children = (
				47D92950220799A000B7DAF5 /* SupportingFiles */,
				47D9294D2207992600B7DAF5 /* UI */,
			);
			path = WineSearcherTests;
			sourceTree = "<group>";
		};
		47D9294B220798D500B7DAF5 /* SupportingFiles */ = {
			isa = PBXGroup;
			children = (
				47D929342207984400B7DAF5 /* LaunchScreen.storyboard */,
				47D929322207984400B7DAF5 /* Assets.xcassets */,
				47D929372207984400B7DAF5 /* Info.plist */,
				47D9292B2207984300B7DAF5 /* AppDelegate.swift */,
			);
			path = SupportingFiles;
			sourceTree = "<group>";
		};
		47D9294C2207991C00B7DAF5 /* UI */ = {
			isa = PBXGroup;
			children = (
				47D9292D2207984300B7DAF5 /* ViewController.swift */,
			);
			path = UI;
			sourceTree = "<group>";
		};
		47D9294D2207992600B7DAF5 /* UI */ = {
			isa = PBXGroup;
			children = (
				47D9294E2207993300B7DAF5 /* ViewControllerTests.swift */,
			);
			path = UI;
			sourceTree = "<group>";
		};
		47D92950220799A000B7DAF5 /* SupportingFiles */ = {
			isa = PBXGroup;
			children = (
				47D929422207984400B7DAF5 /* Info.plist */,
			);
			path = SupportingFiles;
			sourceTree = "<group>";
		};
/* End PBXGroup section */

/* Begin PBXNativeTarget section */
		47D929272207984300B7DAF5 /* WineSearcher */ = {
			isa = PBXNativeTarget;
			buildConfigurationList = 47D929452207984400B7DAF5 /* Build configuration list for PBXNativeTarget "WineSearcher" */;
			buildPhases = (
				47D929242207984300B7DAF5 /* Sources */,
				47D929252207984300B7DAF5 /* Frameworks */,
				47D929262207984300B7DAF5 /* Resources */,
			);
			buildRules = (
			);
			dependencies = (
			);
			name = WineSearcher;
			productName = WineSearcher;
			productReference = 47D929282207984300B7DAF5 /* WineSearcher.app */;
			productType = "com.apple.product-type.application";
		};
		47D9293B2207984400B7DAF5 /* WineSearcherTests */ = {
			isa = PBXNativeTarget;
			buildConfigurationList = 47D929482207984400B7DAF5 /* Build configuration list for PBXNativeTarget "WineSearcherTests" */;
			buildPhases = (
				47D929382207984400B7DAF5 /* Sources */,
				47D929392207984400B7DAF5 /* Frameworks */,
				47D9293A2207984400B7DAF5 /* Resources */,
			);
			buildRules = (
			);
			dependencies = (
				47D9293E2207984400B7DAF5 /* PBXTargetDependency */,
			);
			name = WineSearcherTests;
			productName = WineSearcherTests;
			productReference = 47D9293C2207984400B7DAF5 /* WineSearcherTests.xctest */;
			productType = "com.apple.product-type.bundle.unit-test";
		};
/* End PBXNativeTarget section */

/* Begin PBXProject section */
		47D929202207984300B7DAF5 /* Project object */ = {
			isa = PBXProject;
			attributes = {
				LastSwiftUpdateCheck = 1010;
				LastUpgradeCheck = 1010;
				ORGANIZATIONNAME = "EL Passion Next Sp. z o.o.";
				TargetAttributes = {
					47D929272207984300B7DAF5 = {
						CreatedOnToolsVersion = 10.1;
					};
					47D9293B2207984400B7DAF5 = {
						CreatedOnToolsVersion = 10.1;
						TestTargetID = 47D929272207984300B7DAF5;
					};
				};
			};
			buildConfigurationList = 47D929232207984300B7DAF5 /* Build configuration list for PBXProject "WineSearcher" */;
			compatibilityVersion = "Xcode 9.3";
			developmentRegion = en;
			hasScannedForEncodings = 0;
			knownRegions = (
				en,
				Base,
			);
			mainGroup = 47D9291F2207984300B7DAF5;
			productRefGroup = 47D929292207984300B7DAF5 /* Products */;
			projectDirPath = "";
			projectRoot = "";
			targets = (
				47D929272207984300B7DAF5 /* WineSearcher */,
				47D9293B2207984400B7DAF5 /* WineSearcherTests */,
			);
		};
/* End PBXProject section */

/* Begin PBXResourcesBuildPhase section */
		47D929262207984300B7DAF5 /* Resources */ = {
			isa = PBXResourcesBuildPhase;
			buildActionMask = 2147483647;
			files = (
				47D929362207984400B7DAF5 /* LaunchScreen.storyboard in Resources */,
				47D929332207984400B7DAF5 /* Assets.xcassets in Resources */,
			);
			runOnlyForDeploymentPostprocessing = 0;
		};
		47D9293A2207984400B7DAF5 /* Resources */ = {
			isa = PBXResourcesBuildPhase;
			buildActionMask = 2147483647;
			files = (
			);
			runOnlyForDeploymentPostprocessing = 0;
		};
/* End PBXResourcesBuildPhase section */

/* Begin PBXSourcesBuildPhase section */
		47D929242207984300B7DAF5 /* Sources */ = {
			isa = PBXSourcesBuildPhase;
			buildActionMask = 2147483647;
			files = (
				47D9292E2207984300B7DAF5 /* ViewController.swift in Sources */,
				47D9292C2207984300B7DAF5 /* AppDelegate.swift in Sources */,
			);
			runOnlyForDeploymentPostprocessing = 0;
		};
		47D929382207984400B7DAF5 /* Sources */ = {
			isa = PBXSourcesBuildPhase;
			buildActionMask = 2147483647;
			files = (
				47D9294F2207993300B7DAF5 /* ViewControllerTests.swift in Sources */,
			);
			runOnlyForDeploymentPostprocessing = 0;
		};
/* End PBXSourcesBuildPhase section */

/* Begin PBXTargetDependency section */
		47D9293E2207984400B7DAF5 /* PBXTargetDependency */ = {
			isa = PBXTargetDependency;
			target = 47D929272207984300B7DAF5 /* WineSearcher */;
			targetProxy = 47D9293D2207984400B7DAF5 /* PBXContainerItemProxy */;
		};
/* End PBXTargetDependency section */

/* Begin PBXVariantGroup section */
		47D929342207984400B7DAF5 /* LaunchScreen.storyboard */ = {
			isa = PBXVariantGroup;
			children = (
				47D929352207984400B7DAF5 /* Base */,
			);
			name = LaunchScreen.storyboard;
			sourceTree = "<group>";
		};
/* End PBXVariantGroup section */

/* Begin XCBuildConfiguration section */
		47D929432207984400B7DAF5 /* Debug */ = {
			isa = XCBuildConfiguration;
			buildSettings = {
				ALWAYS_SEARCH_USER_PATHS = NO;
				CLANG_ANALYZER_NONNULL = YES;
				CLANG_ANALYZER_NUMBER_OBJECT_CONVERSION = YES_AGGRESSIVE;
				CLANG_CXX_LANGUAGE_STANDARD = "gnu++14";
				CLANG_CXX_LIBRARY = "libc++";
				CLANG_ENABLE_MODULES = YES;
				CLANG_ENABLE_OBJC_ARC = YES;
				CLANG_ENABLE_OBJC_WEAK = YES;
				CLANG_WARN_BLOCK_CAPTURE_AUTORELEASING = YES;
				CLANG_WARN_BOOL_CONVERSION = YES;
				CLANG_WARN_COMMA = YES;
				CLANG_WARN_CONSTANT_CONVERSION = YES;
				CLANG_WARN_DEPRECATED_OBJC_IMPLEMENTATIONS = YES;
				CLANG_WARN_DIRECT_OBJC_ISA_USAGE = YES_ERROR;
				CLANG_WARN_DOCUMENTATION_COMMENTS = YES;
				CLANG_WARN_EMPTY_BODY = YES;
				CLANG_WARN_ENUM_CONVERSION = YES;
				CLANG_WARN_INFINITE_RECURSION = YES;
				CLANG_WARN_INT_CONVERSION = YES;
				CLANG_WARN_NON_LITERAL_NULL_CONVERSION = YES;
				CLANG_WARN_OBJC_IMPLICIT_RETAIN_SELF = YES;
				CLANG_WARN_OBJC_LITERAL_CONVERSION = YES;
				CLANG_WARN_OBJC_ROOT_CLASS = YES_ERROR;
				CLANG_WARN_RANGE_LOOP_ANALYSIS = YES;
				CLANG_WARN_STRICT_PROTOTYPES = YES;
				CLANG_WARN_SUSPICIOUS_MOVE = YES;
				CLANG_WARN_UNGUARDED_AVAILABILITY = YES_AGGRESSIVE;
				CLANG_WARN_UNREACHABLE_CODE = YES;
				CLANG_WARN__DUPLICATE_METHOD_MATCH = YES;
				COPY_PHASE_STRIP = NO;
				DEBUG_INFORMATION_FORMAT = dwarf;
				ENABLE_STRICT_OBJC_MSGSEND = YES;
				ENABLE_TESTABILITY = YES;
				GCC_C_LANGUAGE_STANDARD = gnu11;
				GCC_DYNAMIC_NO_PIC = NO;
				GCC_NO_COMMON_BLOCKS = YES;
				GCC_OPTIMIZATION_LEVEL = 0;
				GCC_PREPROCESSOR_DEFINITIONS = (
					"DEBUG=1",
					"$(inherited)",
				);
				GCC_WARN_64_TO_32_BIT_CONVERSION = YES;
				GCC_WARN_ABOUT_RETURN_TYPE = YES_ERROR;
				GCC_WARN_UNDECLARED_SELECTOR = YES;
				GCC_WARN_UNINITIALIZED_AUTOS = YES_AGGRESSIVE;
				GCC_WARN_UNUSED_FUNCTION = YES;
				GCC_WARN_UNUSED_VARIABLE = YES;
				IPHONEOS_DEPLOYMENT_TARGET = 12.1;
				MTL_ENABLE_DEBUG_INFO = INCLUDE_SOURCE;
				MTL_FAST_MATH = YES;
				ONLY_ACTIVE_ARCH = YES;
				SDKROOT = iphoneos;
				SWIFT_ACTIVE_COMPILATION_CONDITIONS = DEBUG;
				SWIFT_OPTIMIZATION_LEVEL = "-Onone";
			};
			name = Debug;
		};
		47D929442207984400B7DAF5 /* Release */ = {
			isa = XCBuildConfiguration;
			buildSettings = {
				ALWAYS_SEARCH_USER_PATHS = NO;
				CLANG_ANALYZER_NONNULL = YES;
				CLANG_ANALYZER_NUMBER_OBJECT_CONVERSION = YES_AGGRESSIVE;
				CLANG_CXX_LANGUAGE_STANDARD = "gnu++14";
				CLANG_CXX_LIBRARY = "libc++";
				CLANG_ENABLE_MODULES = YES;
				CLANG_ENABLE_OBJC_ARC = YES;
				CLANG_ENABLE_OBJC_WEAK = YES;
				CLANG_WARN_BLOCK_CAPTURE_AUTORELEASING = YES;
				CLANG_WARN_BOOL_CONVERSION = YES;
				CLANG_WARN_COMMA = YES;
				CLANG_WARN_CONSTANT_CONVERSION = YES;
				CLANG_WARN_DEPRECATED_OBJC_IMPLEMENTATIONS = YES;
				CLANG_WARN_DIRECT_OBJC_ISA_USAGE = YES_ERROR;
				CLANG_WARN_DOCUMENTATION_COMMENTS = YES;
				CLANG_WARN_EMPTY_BODY = YES;
				CLANG_WARN_ENUM_CONVERSION = YES;
				CLANG_WARN_INFINITE_RECURSION = YES;
				CLANG_WARN_INT_CONVERSION = YES;
				CLANG_WARN_NON_LITERAL_NULL_CONVERSION = YES;
				CLANG_WARN_OBJC_IMPLICIT_RETAIN_SELF = YES;
				CLANG_WARN_OBJC_LITERAL_CONVERSION = YES;
				CLANG_WARN_OBJC_ROOT_CLASS = YES_ERROR;
				CLANG_WARN_RANGE_LOOP_ANALYSIS = YES;
				CLANG_WARN_STRICT_PROTOTYPES = YES;
				CLANG_WARN_SUSPICIOUS_MOVE = YES;
				CLANG_WARN_UNGUARDED_AVAILABILITY = YES_AGGRESSIVE;
				CLANG_WARN_UNREACHABLE_CODE = YES;
				CLANG_WARN__DUPLICATE_METHOD_MATCH = YES;
				COPY_PHASE_STRIP = NO;
				DEBUG_INFORMATION_FORMAT = "dwarf-with-dsym";
				ENABLE_NS_ASSERTIONS = NO;
				ENABLE_STRICT_OBJC_MSGSEND = YES;
				GCC_C_LANGUAGE_STANDARD = gnu11;
				GCC_NO_COMMON_BLOCKS = YES;
				GCC_WARN_64_TO_32_BIT_CONVERSION = YES;
				GCC_WARN_ABOUT_RETURN_TYPE = YES_ERROR;
				GCC_WARN_UNDECLARED_SELECTOR = YES;
				GCC_WARN_UNINITIALIZED_AUTOS = YES_AGGRESSIVE;
				GCC_WARN_UNUSED_FUNCTION = YES;
				GCC_WARN_UNUSED_VARIABLE = YES;
				IPHONEOS_DEPLOYMENT_TARGET = 12.1;
				MTL_ENABLE_DEBUG_INFO = NO;
				MTL_FAST_MATH = YES;
				SDKROOT = iphoneos;
				SWIFT_COMPILATION_MODE = wholemodule;
				SWIFT_OPTIMIZATION_LEVEL = "-O";
				VALIDATE_PRODUCT = YES;
			};
			name = Release;
		};
		47D929462207984400B7DAF5 /* Debug */ = {
			isa = XCBuildConfiguration;
			buildSettings = {
				ASSETCATALOG_COMPILER_APPICON_NAME = AppIcon;
				INFOPLIST_FILE = "$(SRCROOT)/WineSearcher/SupportingFiles/Info.plist";
				LD_RUNPATH_SEARCH_PATHS = (
					"$(inherited)",
					"@executable_path/Frameworks",
				);
				PRODUCT_BUNDLE_IDENTIFIER = com.elpassion.WineSearcher;
				PRODUCT_NAME = "$(TARGET_NAME)";
				SWIFT_VERSION = 4.2;
				TARGETED_DEVICE_FAMILY = "1,2";
			};
			name = Debug;
		};
		47D929472207984400B7DAF5 /* Release */ = {
			isa = XCBuildConfiguration;
			buildSettings = {
				ASSETCATALOG_COMPILER_APPICON_NAME = AppIcon;
				INFOPLIST_FILE = "$(SRCROOT)/WineSearcher/SupportingFiles/Info.plist";
				LD_RUNPATH_SEARCH_PATHS = (
					"$(inherited)",
					"@executable_path/Frameworks",
				);
				PRODUCT_BUNDLE_IDENTIFIER = com.elpassion.WineSearcher;
				PRODUCT_NAME = "$(TARGET_NAME)";
				SWIFT_VERSION = 4.2;
				TARGETED_DEVICE_FAMILY = "1,2";
			};
			name = Release;
		};
		47D929492207984400B7DAF5 /* Debug */ = {
			isa = XCBuildConfiguration;
			buildSettings = {
				ALWAYS_EMBED_SWIFT_STANDARD_LIBRARIES = YES;
				BUNDLE_LOADER = "$(TEST_HOST)";
				INFOPLIST_FILE = WineSearcherTests/SupportingFiles/Info.plist;
				LD_RUNPATH_SEARCH_PATHS = (
					"$(inherited)",
					"@executable_path/Frameworks",
					"@loader_path/Frameworks",
				);
				PRODUCT_BUNDLE_IDENTIFIER = com.elpassion.WineSearcherTests;
				PRODUCT_NAME = "$(TARGET_NAME)";
				SWIFT_VERSION = 4.2;
				TARGETED_DEVICE_FAMILY = "1,2";
				TEST_HOST = "$(BUILT_PRODUCTS_DIR)/WineSearcher.app/WineSearcher";
			};
			name = Debug;
		};
		47D9294A2207984400B7DAF5 /* Release */ = {
			isa = XCBuildConfiguration;
			buildSettings = {
				ALWAYS_EMBED_SWIFT_STANDARD_LIBRARIES = YES;
				BUNDLE_LOADER = "$(TEST_HOST)";
				INFOPLIST_FILE = WineSearcherTests/SupportingFiles/Info.plist;
				LD_RUNPATH_SEARCH_PATHS = (
					"$(inherited)",
					"@executable_path/Frameworks",
					"@loader_path/Frameworks",
				);
				PRODUCT_BUNDLE_IDENTIFIER = com.elpassion.WineSearcherTests;
				PRODUCT_NAME = "$(TARGET_NAME)";
				SWIFT_VERSION = 4.2;
				TARGETED_DEVICE_FAMILY = "1,2";
				TEST_HOST = "$(BUILT_PRODUCTS_DIR)/WineSearcher.app/WineSearcher";
			};
			name = Release;
		};
/* End XCBuildConfiguration section */

/* Begin XCConfigurationList section */
		47D929232207984300B7DAF5 /* Build configuration list for PBXProject "WineSearcher" */ = {
			isa = XCConfigurationList;
			buildConfigurations = (
				47D929432207984400B7DAF5 /* Debug */,
				47D929442207984400B7DAF5 /* Release */,
			);
			defaultConfigurationIsVisible = 0;
			defaultConfigurationName = Release;
		};
		47D929452207984400B7DAF5 /* Build configuration list for PBXNativeTarget "WineSearcher" */ = {
			isa = XCConfigurationList;
			buildConfigurations = (
				47D929462207984400B7DAF5 /* Debug */,
				47D929472207984400B7DAF5 /* Release */,
			);
			defaultConfigurationIsVisible = 0;
			defaultConfigurationName = Release;
		};
		47D929482207984400B7DAF5 /* Build configuration list for PBXNativeTarget "WineSearcherTests" */ = {
			isa = XCConfigurationList;
			buildConfigurations = (
				47D929492207984400B7DAF5 /* Debug */,
				47D9294A2207984400B7DAF5 /* Release */,
			);
			defaultConfigurationIsVisible = 0;
			defaultConfigurationName = Release;
		};
/* End XCConfigurationList section */
	};
	rootObject = 47D929202207984300B7DAF5 /* Project object */;
}
