// !$*UTF8*$!
{
	archiveVersion = 1;
	classes = {
	};
	objectVersion = 50;
	objects = {

/* Begin PBXBuildFile section */
		470943FF22099B67008FECFA /* SearchView.swift in Sources */ = {isa = PBXBuildFile; fileRef = 470943FE22099B67008FECFA /* SearchView.swift */; };
		470944042209B78B008FECFA /* CardsViewController.swift in Sources */ = {isa = PBXBuildFile; fileRef = 470944032209B78B008FECFA /* CardsViewController.swift */; };
		470944062209B7A7008FECFA /* CardsView.swift in Sources */ = {isa = PBXBuildFile; fileRef = 470944052209B7A7008FECFA /* CardsView.swift */; };
		4709440A2209BAA6008FECFA /* UIViewController+Embeding.swift in Sources */ = {isa = PBXBuildFile; fileRef = 470944092209BAA6008FECFA /* UIViewController+Embeding.swift */; };
		4709440E2209BCCC008FECFA /* UIViewController+EmbedingSpec.swift in Sources */ = {isa = PBXBuildFile; fileRef = 4709440D2209BCCC008FECFA /* UIViewController+EmbedingSpec.swift */; };
		470A93F7221403B300006564 /* CardsSizesProviderSpec.swift in Sources */ = {isa = PBXBuildFile; fileRef = 470A93F6221403B300006564 /* CardsSizesProviderSpec.swift */; };
		470A93FA221403F800006564 /* ScreenSizeProviderStub.swift in Sources */ = {isa = PBXBuildFile; fileRef = 470A93F9221403F800006564 /* ScreenSizeProviderStub.swift */; };
		470A93FD221404A200006564 /* CardsConfiguration+TestData.swift in Sources */ = {isa = PBXBuildFile; fileRef = 470A93FC221404A200006564 /* CardsConfiguration+TestData.swift */; };
		470A93FF22140C3B00006564 /* SearchViewController+SnapshotFixture.swift in Sources */ = {isa = PBXBuildFile; fileRef = 470A93FE22140C3B00006564 /* SearchViewController+SnapshotFixture.swift */; };
		470A940122140DCA00006564 /* CardsDataSourceStub.swift in Sources */ = {isa = PBXBuildFile; fileRef = 470A940022140DCA00006564 /* CardsDataSourceStub.swift */; };
		470A940322140F1C00006564 /* CardsSizesProviderStub.swift in Sources */ = {isa = PBXBuildFile; fileRef = 470A940222140F1C00006564 /* CardsSizesProviderStub.swift */; };
		470A940622141A6200006564 /* CardsViewControllerTests.swift in Sources */ = {isa = PBXBuildFile; fileRef = 470A940522141A6200006564 /* CardsViewControllerTests.swift */; };
		470A940822141FC000006564 /* CardViewControlling.swift in Sources */ = {isa = PBXBuildFile; fileRef = 470A940722141FC000006564 /* CardViewControlling.swift */; };
		47109B3F221AD79F00B31774 /* Font.swift in Sources */ = {isa = PBXBuildFile; fileRef = 47109B3E221AD79F00B31774 /* Font.swift */; };
		47109B43221AD87A00B31774 /* NocturneSerif-ExtraBold.otf in Resources */ = {isa = PBXBuildFile; fileRef = 47109B42221AD87A00B31774 /* NocturneSerif-ExtraBold.otf */; };
		47109B48221ADD8000B31774 /* UIFont+Font.swift in Sources */ = {isa = PBXBuildFile; fileRef = 47109B47221ADD8000B31774 /* UIFont+Font.swift */; };
		47109B4A221ADDF400B31774 /* UIColor+Hex.swift in Sources */ = {isa = PBXBuildFile; fileRef = 47109B49221ADDF400B31774 /* UIColor+Hex.swift */; };
		47109B4B221AE05500B31774 /* NocturneSerif-Bold.otf in Resources */ = {isa = PBXBuildFile; fileRef = 47109B46221AD8CC00B31774 /* NocturneSerif-Bold.otf */; };
		47109B4C221AE05800B31774 /* Tungsten-Medium.ttf in Resources */ = {isa = PBXBuildFile; fileRef = 47109B44221AD89D00B31774 /* Tungsten-Medium.ttf */; };
		47109B4D221AE05B00B31774 /* Tungsten-Semibold.ttf in Resources */ = {isa = PBXBuildFile; fileRef = 47109B45221AD8AB00B31774 /* Tungsten-Semibold.ttf */; };
		47109B4F221AF53E00B31774 /* CardViewModel+Cards.swift in Sources */ = {isa = PBXBuildFile; fileRef = 47109B4E221AF53E00B31774 /* CardViewModel+Cards.swift */; };
		47115253220C51E5006FA2C4 /* CardViewController.swift in Sources */ = {isa = PBXBuildFile; fileRef = 47115252220C51E5006FA2C4 /* CardViewController.swift */; };
		473A3727220DC7EB00BE9C34 /* CardsConfiguration.swift in Sources */ = {isa = PBXBuildFile; fileRef = 473A3726220DC7EB00BE9C34 /* CardsConfiguration.swift */; };
		473A3729220DC82E00BE9C34 /* UIScrollView+TransformToCenter.swift in Sources */ = {isa = PBXBuildFile; fileRef = 473A3728220DC82E00BE9C34 /* UIScrollView+TransformToCenter.swift */; };
		473A372B220DC85000BE9C34 /* Sequence+Nearest.swift in Sources */ = {isa = PBXBuildFile; fileRef = 473A372A220DC85000BE9C34 /* Sequence+Nearest.swift */; };
		47447624220B9D9400DEDBBB /* CardsDataSource.swift in Sources */ = {isa = PBXBuildFile; fileRef = 47447623220B9D9400DEDBBB /* CardsDataSource.swift */; };
		47447626220B9DA700DEDBBB /* CardViewModel.swift in Sources */ = {isa = PBXBuildFile; fileRef = 47447625220B9DA700DEDBBB /* CardViewModel.swift */; };
		4752676C2213055F002DDB71 /* CardsSizesProviding.swift in Sources */ = {isa = PBXBuildFile; fileRef = 4752676B2213055F002DDB71 /* CardsSizesProviding.swift */; };
		4752676E221305D1002DDB71 /* CardsSizesProvider.swift in Sources */ = {isa = PBXBuildFile; fileRef = 4752676D221305D1002DDB71 /* CardsSizesProvider.swift */; };
		4752677022130A46002DDB71 /* UIScreen+ScreenSizeProviding.swift in Sources */ = {isa = PBXBuildFile; fileRef = 4752676F22130A46002DDB71 /* UIScreen+ScreenSizeProviding.swift */; };
		477E6A812209D8B900EDB2AB /* CardsViewControllerSpec.swift in Sources */ = {isa = PBXBuildFile; fileRef = 477E6A802209D8B900EDB2AB /* CardsViewControllerSpec.swift */; };
		477E6A832209DCC100EDB2AB /* CardView.swift in Sources */ = {isa = PBXBuildFile; fileRef = 477E6A822209DCC100EDB2AB /* CardView.swift */; };
		478D596F22118B7500D86292 /* CardViewControllerTests.swift in Sources */ = {isa = PBXBuildFile; fileRef = 476DF4AF22118617005B82AF /* CardViewControllerTests.swift */; };
		478D597322118C0900D86292 /* CardViewController+SnapshotFixture.swift in Sources */ = {isa = PBXBuildFile; fileRef = 478D597222118C0900D86292 /* CardViewController+SnapshotFixture.swift */; };
		478D597522118EEF00D86292 /* SearchViewControllerTests.swift in Sources */ = {isa = PBXBuildFile; fileRef = 478D597422118EEF00D86292 /* SearchViewControllerTests.swift */; };
		478D597922118FDF00D86292 /* CardsViewController+SnapshotFixture.swift in Sources */ = {isa = PBXBuildFile; fileRef = 478D597822118FDF00D86292 /* CardsViewController+SnapshotFixture.swift */; };
		478D597B2211903600D86292 /* CardsDataSource+SnapshotFixture.swift in Sources */ = {isa = PBXBuildFile; fileRef = 478D597A2211903600D86292 /* CardsDataSource+SnapshotFixture.swift */; };
		478D597D221192E200D86292 /* Sequence+NearestSpec.swift in Sources */ = {isa = PBXBuildFile; fileRef = 478D597C221192E200D86292 /* Sequence+NearestSpec.swift */; };
		478D597F2211A06700D86292 /* SnapshotsConfiguration.swift in Sources */ = {isa = PBXBuildFile; fileRef = 478D597E2211A06700D86292 /* SnapshotsConfiguration.swift */; };
		478D59842211A97F00D86292 /* CardsDataSourceProtocol.swift in Sources */ = {isa = PBXBuildFile; fileRef = 478D59832211A97F00D86292 /* CardsDataSourceProtocol.swift */; };
		47D9292C2207984300B7DAF5 /* AppDelegate.swift in Sources */ = {isa = PBXBuildFile; fileRef = 47D9292B2207984300B7DAF5 /* AppDelegate.swift */; };
		47D9292E2207984300B7DAF5 /* SearchViewController.swift in Sources */ = {isa = PBXBuildFile; fileRef = 47D9292D2207984300B7DAF5 /* SearchViewController.swift */; };
		47D929332207984400B7DAF5 /* Assets.xcassets in Resources */ = {isa = PBXBuildFile; fileRef = 47D929322207984400B7DAF5 /* Assets.xcassets */; };
		47D929362207984400B7DAF5 /* LaunchScreen.storyboard in Resources */ = {isa = PBXBuildFile; fileRef = 47D929342207984400B7DAF5 /* LaunchScreen.storyboard */; };
		47D9294F2207993300B7DAF5 /* SearchViewControllerSpec.swift in Sources */ = {isa = PBXBuildFile; fileRef = 47D9294E2207993300B7DAF5 /* SearchViewControllerSpec.swift */; };
		6494C2372E78FFC3FC1E836C /* Pods_WineSearcherTests.framework in Frameworks */ = {isa = PBXBuildFile; fileRef = 0D84EC4E7C9EB2C49CD46CE2 /* Pods_WineSearcherTests.framework */; };
		B883BC79369B9D04EC1C63E6 /* Pods_WineSearcher.framework in Frameworks */ = {isa = PBXBuildFile; fileRef = CDF5827F0DF68F8FBD93B8CC /* Pods_WineSearcher.framework */; };
/* End PBXBuildFile section */

/* Begin PBXContainerItemProxy section */
		47D9293D2207984400B7DAF5 /* PBXContainerItemProxy */ = {
			isa = PBXContainerItemProxy;
			containerPortal = 47D929202207984300B7DAF5 /* Project object */;
			proxyType = 1;
			remoteGlobalIDString = 47D929272207984300B7DAF5;
			remoteInfo = WineSearcher;
		};
/* End PBXContainerItemProxy section */

/* Begin PBXFileReference section */
		0D84EC4E7C9EB2C49CD46CE2 /* Pods_WineSearcherTests.framework */ = {isa = PBXFileReference; explicitFileType = wrapper.framework; includeInIndex = 0; path = Pods_WineSearcherTests.framework; sourceTree = BUILT_PRODUCTS_DIR; };
		2252CC5508DD0010601B493F /* Pods-WineSearcherTests.release.xcconfig */ = {isa = PBXFileReference; includeInIndex = 1; lastKnownFileType = text.xcconfig; name = "Pods-WineSearcherTests.release.xcconfig"; path = "Pods/Target Support Files/Pods-WineSearcherTests/Pods-WineSearcherTests.release.xcconfig"; sourceTree = "<group>"; };
		470943FE22099B67008FECFA /* SearchView.swift */ = {isa = PBXFileReference; lastKnownFileType = sourcecode.swift; path = SearchView.swift; sourceTree = "<group>"; };
		470944032209B78B008FECFA /* CardsViewController.swift */ = {isa = PBXFileReference; lastKnownFileType = sourcecode.swift; path = CardsViewController.swift; sourceTree = "<group>"; };
		470944052209B7A7008FECFA /* CardsView.swift */ = {isa = PBXFileReference; lastKnownFileType = sourcecode.swift; path = CardsView.swift; sourceTree = "<group>"; };
		470944092209BAA6008FECFA /* UIViewController+Embeding.swift */ = {isa = PBXFileReference; lastKnownFileType = sourcecode.swift; path = "UIViewController+Embeding.swift"; sourceTree = "<group>"; };
		4709440D2209BCCC008FECFA /* UIViewController+EmbedingSpec.swift */ = {isa = PBXFileReference; lastKnownFileType = sourcecode.swift; path = "UIViewController+EmbedingSpec.swift"; sourceTree = "<group>"; };
		470A93F6221403B300006564 /* CardsSizesProviderSpec.swift */ = {isa = PBXFileReference; lastKnownFileType = sourcecode.swift; path = CardsSizesProviderSpec.swift; sourceTree = "<group>"; };
		470A93F9221403F800006564 /* ScreenSizeProviderStub.swift */ = {isa = PBXFileReference; lastKnownFileType = sourcecode.swift; path = ScreenSizeProviderStub.swift; sourceTree = "<group>"; };
		470A93FC221404A200006564 /* CardsConfiguration+TestData.swift */ = {isa = PBXFileReference; lastKnownFileType = sourcecode.swift; path = "CardsConfiguration+TestData.swift"; sourceTree = "<group>"; };
		470A93FE22140C3B00006564 /* SearchViewController+SnapshotFixture.swift */ = {isa = PBXFileReference; lastKnownFileType = sourcecode.swift; path = "SearchViewController+SnapshotFixture.swift"; sourceTree = "<group>"; };
		470A940022140DCA00006564 /* CardsDataSourceStub.swift */ = {isa = PBXFileReference; lastKnownFileType = sourcecode.swift; path = CardsDataSourceStub.swift; sourceTree = "<group>"; };
		470A940222140F1C00006564 /* CardsSizesProviderStub.swift */ = {isa = PBXFileReference; lastKnownFileType = sourcecode.swift; path = CardsSizesProviderStub.swift; sourceTree = "<group>"; };
		470A940522141A6200006564 /* CardsViewControllerTests.swift */ = {isa = PBXFileReference; lastKnownFileType = sourcecode.swift; path = CardsViewControllerTests.swift; sourceTree = "<group>"; };
		470A940722141FC000006564 /* CardViewControlling.swift */ = {isa = PBXFileReference; lastKnownFileType = sourcecode.swift; path = CardViewControlling.swift; sourceTree = "<group>"; };
		47109B3E221AD79F00B31774 /* Font.swift */ = {isa = PBXFileReference; lastKnownFileType = sourcecode.swift; path = Font.swift; sourceTree = "<group>"; };
		47109B42221AD87A00B31774 /* NocturneSerif-ExtraBold.otf */ = {isa = PBXFileReference; lastKnownFileType = file; path = "NocturneSerif-ExtraBold.otf"; sourceTree = "<group>"; };
		47109B44221AD89D00B31774 /* Tungsten-Medium.ttf */ = {isa = PBXFileReference; lastKnownFileType = file; path = "Tungsten-Medium.ttf"; sourceTree = "<group>"; };
		47109B45221AD8AB00B31774 /* Tungsten-Semibold.ttf */ = {isa = PBXFileReference; lastKnownFileType = file; path = "Tungsten-Semibold.ttf"; sourceTree = "<group>"; };
		47109B46221AD8CC00B31774 /* NocturneSerif-Bold.otf */ = {isa = PBXFileReference; lastKnownFileType = file; path = "NocturneSerif-Bold.otf"; sourceTree = "<group>"; };
		47109B47221ADD8000B31774 /* UIFont+Font.swift */ = {isa = PBXFileReference; lastKnownFileType = sourcecode.swift; path = "UIFont+Font.swift"; sourceTree = "<group>"; };
		47109B49221ADDF400B31774 /* UIColor+Hex.swift */ = {isa = PBXFileReference; lastKnownFileType = sourcecode.swift; path = "UIColor+Hex.swift"; sourceTree = "<group>"; };
		47109B4E221AF53E00B31774 /* CardViewModel+Cards.swift */ = {isa = PBXFileReference; lastKnownFileType = sourcecode.swift; path = "CardViewModel+Cards.swift"; sourceTree = "<group>"; };
		47115252220C51E5006FA2C4 /* CardViewController.swift */ = {isa = PBXFileReference; lastKnownFileType = sourcecode.swift; path = CardViewController.swift; sourceTree = "<group>"; };
		473A3726220DC7EB00BE9C34 /* CardsConfiguration.swift */ = {isa = PBXFileReference; lastKnownFileType = sourcecode.swift; path = CardsConfiguration.swift; sourceTree = "<group>"; };
		473A3728220DC82E00BE9C34 /* UIScrollView+TransformToCenter.swift */ = {isa = PBXFileReference; lastKnownFileType = sourcecode.swift; path = "UIScrollView+TransformToCenter.swift"; sourceTree = "<group>"; };
		473A372A220DC85000BE9C34 /* Sequence+Nearest.swift */ = {isa = PBXFileReference; lastKnownFileType = sourcecode.swift; path = "Sequence+Nearest.swift"; sourceTree = "<group>"; };
		47447623220B9D9400DEDBBB /* CardsDataSource.swift */ = {isa = PBXFileReference; lastKnownFileType = sourcecode.swift; path = CardsDataSource.swift; sourceTree = "<group>"; };
		47447625220B9DA700DEDBBB /* CardViewModel.swift */ = {isa = PBXFileReference; lastKnownFileType = sourcecode.swift; path = CardViewModel.swift; sourceTree = "<group>"; };
		4752676B2213055F002DDB71 /* CardsSizesProviding.swift */ = {isa = PBXFileReference; lastKnownFileType = sourcecode.swift; path = CardsSizesProviding.swift; sourceTree = "<group>"; };
		4752676D221305D1002DDB71 /* CardsSizesProvider.swift */ = {isa = PBXFileReference; lastKnownFileType = sourcecode.swift; path = CardsSizesProvider.swift; sourceTree = "<group>"; };
		4752676F22130A46002DDB71 /* UIScreen+ScreenSizeProviding.swift */ = {isa = PBXFileReference; lastKnownFileType = sourcecode.swift; path = "UIScreen+ScreenSizeProviding.swift"; sourceTree = "<group>"; };
		476DF4AF22118617005B82AF /* CardViewControllerTests.swift */ = {isa = PBXFileReference; lastKnownFileType = sourcecode.swift; path = CardViewControllerTests.swift; sourceTree = "<group>"; };
		477E6A802209D8B900EDB2AB /* CardsViewControllerSpec.swift */ = {isa = PBXFileReference; lastKnownFileType = sourcecode.swift; path = CardsViewControllerSpec.swift; sourceTree = "<group>"; };
		477E6A822209DCC100EDB2AB /* CardView.swift */ = {isa = PBXFileReference; lastKnownFileType = sourcecode.swift; path = CardView.swift; sourceTree = "<group>"; };
		478D597222118C0900D86292 /* CardViewController+SnapshotFixture.swift */ = {isa = PBXFileReference; lastKnownFileType = sourcecode.swift; path = "CardViewController+SnapshotFixture.swift"; sourceTree = "<group>"; };
		478D597422118EEF00D86292 /* SearchViewControllerTests.swift */ = {isa = PBXFileReference; lastKnownFileType = sourcecode.swift; path = SearchViewControllerTests.swift; sourceTree = "<group>"; };
		478D597822118FDF00D86292 /* CardsViewController+SnapshotFixture.swift */ = {isa = PBXFileReference; lastKnownFileType = sourcecode.swift; path = "CardsViewController+SnapshotFixture.swift"; sourceTree = "<group>"; };
		478D597A2211903600D86292 /* CardsDataSource+SnapshotFixture.swift */ = {isa = PBXFileReference; lastKnownFileType = sourcecode.swift; path = "CardsDataSource+SnapshotFixture.swift"; sourceTree = "<group>"; };
		478D597C221192E200D86292 /* Sequence+NearestSpec.swift */ = {isa = PBXFileReference; lastKnownFileType = sourcecode.swift; path = "Sequence+NearestSpec.swift"; sourceTree = "<group>"; };
		478D597E2211A06700D86292 /* SnapshotsConfiguration.swift */ = {isa = PBXFileReference; lastKnownFileType = sourcecode.swift; path = SnapshotsConfiguration.swift; sourceTree = "<group>"; };
		478D59832211A97F00D86292 /* CardsDataSourceProtocol.swift */ = {isa = PBXFileReference; lastKnownFileType = sourcecode.swift; path = CardsDataSourceProtocol.swift; sourceTree = "<group>"; };
		47D929282207984300B7DAF5 /* WineSearcher.app */ = {isa = PBXFileReference; explicitFileType = wrapper.application; includeInIndex = 0; path = WineSearcher.app; sourceTree = BUILT_PRODUCTS_DIR; };
		47D9292B2207984300B7DAF5 /* AppDelegate.swift */ = {isa = PBXFileReference; lastKnownFileType = sourcecode.swift; path = AppDelegate.swift; sourceTree = "<group>"; };
		47D9292D2207984300B7DAF5 /* SearchViewController.swift */ = {isa = PBXFileReference; lastKnownFileType = sourcecode.swift; path = SearchViewController.swift; sourceTree = "<group>"; };
		47D929322207984400B7DAF5 /* Assets.xcassets */ = {isa = PBXFileReference; lastKnownFileType = folder.assetcatalog; path = Assets.xcassets; sourceTree = "<group>"; };
		47D929352207984400B7DAF5 /* Base */ = {isa = PBXFileReference; lastKnownFileType = file.storyboard; name = Base; path = Base.lproj/LaunchScreen.storyboard; sourceTree = "<group>"; };
		47D929372207984400B7DAF5 /* Info.plist */ = {isa = PBXFileReference; lastKnownFileType = text.plist.xml; path = Info.plist; sourceTree = "<group>"; };
		47D9293C2207984400B7DAF5 /* WineSearcherTests.xctest */ = {isa = PBXFileReference; explicitFileType = wrapper.cfbundle; includeInIndex = 0; path = WineSearcherTests.xctest; sourceTree = BUILT_PRODUCTS_DIR; };
		47D929422207984400B7DAF5 /* Info.plist */ = {isa = PBXFileReference; lastKnownFileType = text.plist.xml; path = Info.plist; sourceTree = "<group>"; };
		47D9294E2207993300B7DAF5 /* SearchViewControllerSpec.swift */ = {isa = PBXFileReference; lastKnownFileType = sourcecode.swift; path = SearchViewControllerSpec.swift; sourceTree = "<group>"; };
		BD34E3011AD58AB07D284C2A /* Pods-WineSearcherTests.debug.xcconfig */ = {isa = PBXFileReference; includeInIndex = 1; lastKnownFileType = text.xcconfig; name = "Pods-WineSearcherTests.debug.xcconfig"; path = "Pods/Target Support Files/Pods-WineSearcherTests/Pods-WineSearcherTests.debug.xcconfig"; sourceTree = "<group>"; };
		CDF5827F0DF68F8FBD93B8CC /* Pods_WineSearcher.framework */ = {isa = PBXFileReference; explicitFileType = wrapper.framework; includeInIndex = 0; path = Pods_WineSearcher.framework; sourceTree = BUILT_PRODUCTS_DIR; };
		E9E560BB0AD938330742DC87 /* Pods-WineSearcher.release.xcconfig */ = {isa = PBXFileReference; includeInIndex = 1; lastKnownFileType = text.xcconfig; name = "Pods-WineSearcher.release.xcconfig"; path = "Pods/Target Support Files/Pods-WineSearcher/Pods-WineSearcher.release.xcconfig"; sourceTree = "<group>"; };
		F6766EE61E1613FE37A38890 /* Pods-WineSearcher.debug.xcconfig */ = {isa = PBXFileReference; includeInIndex = 1; lastKnownFileType = text.xcconfig; name = "Pods-WineSearcher.debug.xcconfig"; path = "Pods/Target Support Files/Pods-WineSearcher/Pods-WineSearcher.debug.xcconfig"; sourceTree = "<group>"; };
/* End PBXFileReference section */

/* Begin PBXFrameworksBuildPhase section */
		47D929252207984300B7DAF5 /* Frameworks */ = {
			isa = PBXFrameworksBuildPhase;
			buildActionMask = 2147483647;
			files = (
				B883BC79369B9D04EC1C63E6 /* Pods_WineSearcher.framework in Frameworks */,
			);
			runOnlyForDeploymentPostprocessing = 0;
		};
		47D929392207984400B7DAF5 /* Frameworks */ = {
			isa = PBXFrameworksBuildPhase;
			buildActionMask = 2147483647;
			files = (
				6494C2372E78FFC3FC1E836C /* Pods_WineSearcherTests.framework in Frameworks */,
			);
			runOnlyForDeploymentPostprocessing = 0;
		};
/* End PBXFrameworksBuildPhase section */

/* Begin PBXGroup section */
		1B437946937E17E223FAAF78 /* Frameworks */ = {
			isa = PBXGroup;
			children = (
				CDF5827F0DF68F8FBD93B8CC /* Pods_WineSearcher.framework */,
				0D84EC4E7C9EB2C49CD46CE2 /* Pods_WineSearcherTests.framework */,
			);
			name = Frameworks;
			sourceTree = "<group>";
		};
		470943FC22099B47008FECFA /* Screens */ = {
			isa = PBXGroup;
			children = (
				470943FD22099B58008FECFA /* Search */,
			);
			path = Screens;
			sourceTree = "<group>";
		};
		470943FD22099B58008FECFA /* Search */ = {
			isa = PBXGroup;
			children = (
				47115250220C5162006FA2C4 /* Children */,
				470943FE22099B67008FECFA /* SearchView.swift */,
				47D9292D2207984300B7DAF5 /* SearchViewController.swift */,
			);
			path = Search;
			sourceTree = "<group>";
		};
		4709440022099B6C008FECFA /* Screens */ = {
			isa = PBXGroup;
			children = (
				477E6A7F2209D8A800EDB2AB /* Cards */,
				4709440122099B73008FECFA /* Search */,
			);
			path = Screens;
			sourceTree = "<group>";
		};
		4709440122099B73008FECFA /* Search */ = {
			isa = PBXGroup;
			children = (
				47D9294E2207993300B7DAF5 /* SearchViewControllerSpec.swift */,
			);
			path = Search;
			sourceTree = "<group>";
		};
		470944022209B779008FECFA /* Cards */ = {
			isa = PBXGroup;
			children = (
				47447623220B9D9400DEDBBB /* CardsDataSource.swift */,
				470944052209B7A7008FECFA /* CardsView.swift */,
				470944032209B78B008FECFA /* CardsViewController.swift */,
				473A3726220DC7EB00BE9C34 /* CardsConfiguration.swift */,
				478D59832211A97F00D86292 /* CardsDataSourceProtocol.swift */,
				4752676B2213055F002DDB71 /* CardsSizesProviding.swift */,
				4752676D221305D1002DDB71 /* CardsSizesProvider.swift */,
			);
			path = Cards;
			sourceTree = "<group>";
		};
		470944082209BA6A008FECFA /* Extensions */ = {
			isa = PBXGroup;
			children = (
				470944092209BAA6008FECFA /* UIViewController+Embeding.swift */,
				473A3728220DC82E00BE9C34 /* UIScrollView+TransformToCenter.swift */,
				473A372A220DC85000BE9C34 /* Sequence+Nearest.swift */,
				4752676F22130A46002DDB71 /* UIScreen+ScreenSizeProviding.swift */,
				47109B47221ADD8000B31774 /* UIFont+Font.swift */,
				47109B49221ADDF400B31774 /* UIColor+Hex.swift */,
				47109B4E221AF53E00B31774 /* CardViewModel+Cards.swift */,
			);
			path = Extensions;
			sourceTree = "<group>";
		};
		4709440B2209BC9F008FECFA /* Extensions */ = {
			isa = PBXGroup;
			children = (
				4709440D2209BCCC008FECFA /* UIViewController+EmbedingSpec.swift */,
				478D597C221192E200D86292 /* Sequence+NearestSpec.swift */,
			);
			path = Extensions;
			sourceTree = "<group>";
		};
		4709440C2209BCAB008FECFA /* Tests */ = {
			isa = PBXGroup;
			children = (
				478D597022118BEA00D86292 /* Doubles */,
				476DF4A9221185D2005B82AF /* SnapshotTests */,
				476DF4A8221185CC005B82AF /* UnitTests */,
			);
			path = Tests;
			sourceTree = "<group>";
		};
		470A93F8221403DA00006564 /* Stubs */ = {
			isa = PBXGroup;
			children = (
				470A93F9221403F800006564 /* ScreenSizeProviderStub.swift */,
				470A940022140DCA00006564 /* CardsDataSourceStub.swift */,
				470A940222140F1C00006564 /* CardsSizesProviderStub.swift */,
			);
			path = Stubs;
			sourceTree = "<group>";
		};
		470A93FB2214049400006564 /* TestData */ = {
			isa = PBXGroup;
			children = (
				470A93FC221404A200006564 /* CardsConfiguration+TestData.swift */,
			);
			path = TestData;
			sourceTree = "<group>";
		};
		470A940422141A5700006564 /* Cards */ = {
			isa = PBXGroup;
			children = (
				470A940522141A6200006564 /* CardsViewControllerTests.swift */,
			);
			path = Cards;
			sourceTree = "<group>";
		};
		47109B3C221AD73800B31774 /* Utilities */ = {
			isa = PBXGroup;
			children = (
				47109B3D221AD79300B31774 /* Fonts */,
			);
			path = Utilities;
			sourceTree = "<group>";
		};
		47109B3D221AD79300B31774 /* Fonts */ = {
			isa = PBXGroup;
			children = (
				47109B3E221AD79F00B31774 /* Font.swift */,
			);
			path = Fonts;
			sourceTree = "<group>";
		};
		47109B40221AD81F00B31774 /* Fonts */ = {
			isa = PBXGroup;
			children = (
				47109B46221AD8CC00B31774 /* NocturneSerif-Bold.otf */,
				47109B42221AD87A00B31774 /* NocturneSerif-ExtraBold.otf */,
				47109B44221AD89D00B31774 /* Tungsten-Medium.ttf */,
				47109B45221AD8AB00B31774 /* Tungsten-Semibold.ttf */,
			);
			path = Fonts;
			sourceTree = "<group>";
		};
		47115250220C5162006FA2C4 /* Children */ = {
			isa = PBXGroup;
			children = (
				47115251220C5174006FA2C4 /* Card */,
				470944022209B779008FECFA /* Cards */,
			);
			path = Children;
			sourceTree = "<group>";
		};
		47115251220C5174006FA2C4 /* Card */ = {
			isa = PBXGroup;
			children = (
				477E6A822209DCC100EDB2AB /* CardView.swift */,
				47115252220C51E5006FA2C4 /* CardViewController.swift */,
				47447625220B9DA700DEDBBB /* CardViewModel.swift */,
				470A940722141FC000006564 /* CardViewControlling.swift */,
			);
			path = Card;
			sourceTree = "<group>";
		};
		476DF4A8221185CC005B82AF /* UnitTests */ = {
			isa = PBXGroup;
			children = (
				47D9294D2207992600B7DAF5 /* UI */,
				4709440B2209BC9F008FECFA /* Extensions */,
			);
			path = UnitTests;
			sourceTree = "<group>";
		};
		476DF4A9221185D2005B82AF /* SnapshotTests */ = {
			isa = PBXGroup;
			children = (
				476DF4AA221185EA005B82AF /* UI */,
				478D597E2211A06700D86292 /* SnapshotsConfiguration.swift */,
			);
			path = SnapshotTests;
			sourceTree = "<group>";
		};
		476DF4AA221185EA005B82AF /* UI */ = {
			isa = PBXGroup;
			children = (
				476DF4AB221185F3005B82AF /* Screens */,
			);
			path = UI;
			sourceTree = "<group>";
		};
		476DF4AB221185F3005B82AF /* Screens */ = {
			isa = PBXGroup;
			children = (
				476DF4AC221185F8005B82AF /* Search */,
			);
			path = Screens;
			sourceTree = "<group>";
		};
		476DF4AC221185F8005B82AF /* Search */ = {
			isa = PBXGroup;
			children = (
				476DF4AD22118600005B82AF /* Children */,
				478D597422118EEF00D86292 /* SearchViewControllerTests.swift */,
			);
			path = Search;
			sourceTree = "<group>";
		};
		476DF4AD22118600005B82AF /* Children */ = {
			isa = PBXGroup;
			children = (
				470A940422141A5700006564 /* Cards */,
				476DF4AE22118608005B82AF /* Card */,
			);
			path = Children;
			sourceTree = "<group>";
		};
		476DF4AE22118608005B82AF /* Card */ = {
			isa = PBXGroup;
			children = (
				476DF4AF22118617005B82AF /* CardViewControllerTests.swift */,
			);
			path = Card;
			sourceTree = "<group>";
		};
		477E6A7F2209D8A800EDB2AB /* Cards */ = {
			isa = PBXGroup;
			children = (
				477E6A802209D8B900EDB2AB /* CardsViewControllerSpec.swift */,
				470A93F6221403B300006564 /* CardsSizesProviderSpec.swift */,
			);
			path = Cards;
			sourceTree = "<group>";
		};
		478D597022118BEA00D86292 /* Doubles */ = {
			isa = PBXGroup;
			children = (
				470A93FB2214049400006564 /* TestData */,
				470A93F8221403DA00006564 /* Stubs */,
				478D597122118BF400D86292 /* Fixtures */,
			);
			path = Doubles;
			sourceTree = "<group>";
		};
		478D597122118BF400D86292 /* Fixtures */ = {
			isa = PBXGroup;
			children = (
				478D597222118C0900D86292 /* CardViewController+SnapshotFixture.swift */,
				478D597822118FDF00D86292 /* CardsViewController+SnapshotFixture.swift */,
				478D597A2211903600D86292 /* CardsDataSource+SnapshotFixture.swift */,
				470A93FE22140C3B00006564 /* SearchViewController+SnapshotFixture.swift */,
			);
			path = Fixtures;
			sourceTree = "<group>";
		};
		47D9291F2207984300B7DAF5 = {
			isa = PBXGroup;
			children = (
				1B437946937E17E223FAAF78 /* Frameworks */,
				B75D6E1C156C0DEE59C3B0C0 /* Pods */,
				47D929292207984300B7DAF5 /* Products */,
				47D9292A2207984300B7DAF5 /* WineSearcher */,
				47D9293F2207984400B7DAF5 /* WineSearcherTests */,
			);
			sourceTree = "<group>";
		};
		47D929292207984300B7DAF5 /* Products */ = {
			isa = PBXGroup;
			children = (
				47D929282207984300B7DAF5 /* WineSearcher.app */,
				47D9293C2207984400B7DAF5 /* WineSearcherTests.xctest */,
			);
			name = Products;
			sourceTree = "<group>";
		};
		47D9292A2207984300B7DAF5 /* WineSearcher */ = {
			isa = PBXGroup;
			children = (
				47109B3C221AD73800B31774 /* Utilities */,
				470944082209BA6A008FECFA /* Extensions */,
				47D9294B220798D500B7DAF5 /* SupportingFiles */,
				47D9294C2207991C00B7DAF5 /* UI */,
			);
			path = WineSearcher;
			sourceTree = "<group>";
		};
		47D9293F2207984400B7DAF5 /* WineSearcherTests */ = {
			isa = PBXGroup;
			children = (
				47D92950220799A000B7DAF5 /* SupportingFiles */,
				4709440C2209BCAB008FECFA /* Tests */,
			);
			path = WineSearcherTests;
			sourceTree = "<group>";
		};
		47D9294B220798D500B7DAF5 /* SupportingFiles */ = {
			isa = PBXGroup;
			children = (
				47109B40221AD81F00B31774 /* Fonts */,
				47D9292B2207984300B7DAF5 /* AppDelegate.swift */,
				47D929322207984400B7DAF5 /* Assets.xcassets */,
				47D929372207984400B7DAF5 /* Info.plist */,
				47D929342207984400B7DAF5 /* LaunchScreen.storyboard */,
			);
			path = SupportingFiles;
			sourceTree = "<group>";
		};
		47D9294C2207991C00B7DAF5 /* UI */ = {
			isa = PBXGroup;
			children = (
				470943FC22099B47008FECFA /* Screens */,
			);
			path = UI;
			sourceTree = "<group>";
		};
		47D9294D2207992600B7DAF5 /* UI */ = {
			isa = PBXGroup;
			children = (
				4709440022099B6C008FECFA /* Screens */,
			);
			path = UI;
			sourceTree = "<group>";
		};
		47D92950220799A000B7DAF5 /* SupportingFiles */ = {
			isa = PBXGroup;
			children = (
				47D929422207984400B7DAF5 /* Info.plist */,
			);
			path = SupportingFiles;
			sourceTree = "<group>";
		};
		B75D6E1C156C0DEE59C3B0C0 /* Pods */ = {
			isa = PBXGroup;
			children = (
				F6766EE61E1613FE37A38890 /* Pods-WineSearcher.debug.xcconfig */,
				E9E560BB0AD938330742DC87 /* Pods-WineSearcher.release.xcconfig */,
				BD34E3011AD58AB07D284C2A /* Pods-WineSearcherTests.debug.xcconfig */,
				2252CC5508DD0010601B493F /* Pods-WineSearcherTests.release.xcconfig */,
			);
			name = Pods;
			sourceTree = "<group>";
		};
/* End PBXGroup section */

/* Begin PBXNativeTarget section */
		47D929272207984300B7DAF5 /* WineSearcher */ = {
			isa = PBXNativeTarget;
			buildConfigurationList = 47D929452207984400B7DAF5 /* Build configuration list for PBXNativeTarget "WineSearcher" */;
			buildPhases = (
				817AA21816BF0C1EB32BE04D /* [CP] Check Pods Manifest.lock */,
				4716BE902207A9340047CE3F /* Swiftlint */,
				47D929242207984300B7DAF5 /* Sources */,
				47D929252207984300B7DAF5 /* Frameworks */,
				47D929262207984300B7DAF5 /* Resources */,
			);
			buildRules = (
			);
			dependencies = (
			);
			name = WineSearcher;
			productName = WineSearcher;
			productReference = 47D929282207984300B7DAF5 /* WineSearcher.app */;
			productType = "com.apple.product-type.application";
		};
		47D9293B2207984400B7DAF5 /* WineSearcherTests */ = {
			isa = PBXNativeTarget;
			buildConfigurationList = 47D929482207984400B7DAF5 /* Build configuration list for PBXNativeTarget "WineSearcherTests" */;
			buildPhases = (
				F03C082137803CBA1F4A53F7 /* [CP] Check Pods Manifest.lock */,
				4733DDF22207A985003EE4B8 /* Swiftlint */,
				47D929382207984400B7DAF5 /* Sources */,
				47D929392207984400B7DAF5 /* Frameworks */,
				47D9293A2207984400B7DAF5 /* Resources */,
				90D01114855798EF368E8782 /* [CP] Embed Pods Frameworks */,
			);
			buildRules = (
			);
			dependencies = (
				47D9293E2207984400B7DAF5 /* PBXTargetDependency */,
			);
			name = WineSearcherTests;
			productName = WineSearcherTests;
			productReference = 47D9293C2207984400B7DAF5 /* WineSearcherTests.xctest */;
			productType = "com.apple.product-type.bundle.unit-test";
		};
/* End PBXNativeTarget section */

/* Begin PBXProject section */
		47D929202207984300B7DAF5 /* Project object */ = {
			isa = PBXProject;
			attributes = {
				LastSwiftUpdateCheck = 1010;
				LastUpgradeCheck = 1010;
				ORGANIZATIONNAME = "EL Passion Next Sp. z o.o.";
				TargetAttributes = {
					47D929272207984300B7DAF5 = {
						CreatedOnToolsVersion = 10.1;
					};
					47D9293B2207984400B7DAF5 = {
						CreatedOnToolsVersion = 10.1;
						TestTargetID = 47D929272207984300B7DAF5;
					};
				};
			};
			buildConfigurationList = 47D929232207984300B7DAF5 /* Build configuration list for PBXProject "WineSearcher" */;
			compatibilityVersion = "Xcode 9.3";
			developmentRegion = en;
			hasScannedForEncodings = 0;
			knownRegions = (
				en,
				Base,
			);
			mainGroup = 47D9291F2207984300B7DAF5;
			productRefGroup = 47D929292207984300B7DAF5 /* Products */;
			projectDirPath = "";
			projectRoot = "";
			targets = (
				47D929272207984300B7DAF5 /* WineSearcher */,
				47D9293B2207984400B7DAF5 /* WineSearcherTests */,
			);
		};
/* End PBXProject section */

/* Begin PBXResourcesBuildPhase section */
		47D929262207984300B7DAF5 /* Resources */ = {
			isa = PBXResourcesBuildPhase;
			buildActionMask = 2147483647;
			files = (
				47D929362207984400B7DAF5 /* LaunchScreen.storyboard in Resources */,
				47109B43221AD87A00B31774 /* NocturneSerif-ExtraBold.otf in Resources */,
				47109B4B221AE05500B31774 /* NocturneSerif-Bold.otf in Resources */,
				47109B4D221AE05B00B31774 /* Tungsten-Semibold.ttf in Resources */,
				47109B4C221AE05800B31774 /* Tungsten-Medium.ttf in Resources */,
				47D929332207984400B7DAF5 /* Assets.xcassets in Resources */,
			);
			runOnlyForDeploymentPostprocessing = 0;
		};
		47D9293A2207984400B7DAF5 /* Resources */ = {
			isa = PBXResourcesBuildPhase;
			buildActionMask = 2147483647;
			files = (
			);
			runOnlyForDeploymentPostprocessing = 0;
		};
/* End PBXResourcesBuildPhase section */

/* Begin PBXShellScriptBuildPhase section */
		4716BE902207A9340047CE3F /* Swiftlint */ = {
			isa = PBXShellScriptBuildPhase;
			buildActionMask = 2147483647;
			files = (
			);
			inputFileListPaths = (
			);
			inputPaths = (
			);
			name = Swiftlint;
			outputFileListPaths = (
			);
			outputPaths = (
			);
			runOnlyForDeploymentPostprocessing = 0;
			shellPath = /bin/sh;
			shellScript = "if [ \"$CI\" = \"true\" ]; then\n    echo \"Skipping SwiftLint on CI\"\n    exit 0\nfi\necho \"Running SwiftLint on app code\"\ncd WineSearcher; ${PODS_ROOT}/SwiftLint/swiftlint\n";
		};
		4733DDF22207A985003EE4B8 /* Swiftlint */ = {
			isa = PBXShellScriptBuildPhase;
			buildActionMask = 2147483647;
			files = (
			);
			inputFileListPaths = (
			);
			inputPaths = (
			);
			name = Swiftlint;
			outputFileListPaths = (
			);
			outputPaths = (
			);
			runOnlyForDeploymentPostprocessing = 0;
			shellPath = /bin/sh;
			shellScript = "if [ \"$CI\" = \"true\" ]; then\n    echo \"Skipping SwiftLint on CI\"\n    exit 0\nfi\necho \"Running SwiftLint on app code\"\ncd WineSearcherTests; ${PODS_ROOT}/SwiftLint/swiftlint\n";
		};
		817AA21816BF0C1EB32BE04D /* [CP] Check Pods Manifest.lock */ = {
			isa = PBXShellScriptBuildPhase;
			buildActionMask = 2147483647;
			files = (
			);
			inputFileListPaths = (
			);
			inputPaths = (
				"${PODS_PODFILE_DIR_PATH}/Podfile.lock",
				"${PODS_ROOT}/Manifest.lock",
			);
			name = "[CP] Check Pods Manifest.lock";
			outputFileListPaths = (
			);
			outputPaths = (
				"$(DERIVED_FILE_DIR)/Pods-WineSearcher-checkManifestLockResult.txt",
			);
			runOnlyForDeploymentPostprocessing = 0;
			shellPath = /bin/sh;
			shellScript = "diff \"${PODS_PODFILE_DIR_PATH}/Podfile.lock\" \"${PODS_ROOT}/Manifest.lock\" > /dev/null\nif [ $? != 0 ] ; then\n    # print error to STDERR\n    echo \"error: The sandbox is not in sync with the Podfile.lock. Run 'pod install' or update your CocoaPods installation.\" >&2\n    exit 1\nfi\n# This output is used by Xcode 'outputs' to avoid re-running this script phase.\necho \"SUCCESS\" > \"${SCRIPT_OUTPUT_FILE_0}\"\n";
			showEnvVarsInLog = 0;
		};
		90D01114855798EF368E8782 /* [CP] Embed Pods Frameworks */ = {
			isa = PBXShellScriptBuildPhase;
			buildActionMask = 2147483647;
			files = (
			);
			inputFileListPaths = (
			);
			inputPaths = (
				"${PODS_ROOT}/Target Support Files/Pods-WineSearcherTests/Pods-WineSearcherTests-frameworks.sh",
				"${BUILT_PRODUCTS_DIR}/Nimble/Nimble.framework",
				"${BUILT_PRODUCTS_DIR}/Quick/Quick.framework",
				"${BUILT_PRODUCTS_DIR}/iOSSnapshotTestCase/FBSnapshotTestCase.framework",
			);
			name = "[CP] Embed Pods Frameworks";
			outputFileListPaths = (
			);
			outputPaths = (
				"${TARGET_BUILD_DIR}/${FRAMEWORKS_FOLDER_PATH}/Nimble.framework",
				"${TARGET_BUILD_DIR}/${FRAMEWORKS_FOLDER_PATH}/Quick.framework",
				"${TARGET_BUILD_DIR}/${FRAMEWORKS_FOLDER_PATH}/FBSnapshotTestCase.framework",
			);
			runOnlyForDeploymentPostprocessing = 0;
			shellPath = /bin/sh;
			shellScript = "\"${PODS_ROOT}/Target Support Files/Pods-WineSearcherTests/Pods-WineSearcherTests-frameworks.sh\"\n";
			showEnvVarsInLog = 0;
		};
		F03C082137803CBA1F4A53F7 /* [CP] Check Pods Manifest.lock */ = {
			isa = PBXShellScriptBuildPhase;
			buildActionMask = 2147483647;
			files = (
			);
			inputFileListPaths = (
			);
			inputPaths = (
				"${PODS_PODFILE_DIR_PATH}/Podfile.lock",
				"${PODS_ROOT}/Manifest.lock",
			);
			name = "[CP] Check Pods Manifest.lock";
			outputFileListPaths = (
			);
			outputPaths = (
				"$(DERIVED_FILE_DIR)/Pods-WineSearcherTests-checkManifestLockResult.txt",
			);
			runOnlyForDeploymentPostprocessing = 0;
			shellPath = /bin/sh;
			shellScript = "diff \"${PODS_PODFILE_DIR_PATH}/Podfile.lock\" \"${PODS_ROOT}/Manifest.lock\" > /dev/null\nif [ $? != 0 ] ; then\n    # print error to STDERR\n    echo \"error: The sandbox is not in sync with the Podfile.lock. Run 'pod install' or update your CocoaPods installation.\" >&2\n    exit 1\nfi\n# This output is used by Xcode 'outputs' to avoid re-running this script phase.\necho \"SUCCESS\" > \"${SCRIPT_OUTPUT_FILE_0}\"\n";
			showEnvVarsInLog = 0;
		};
/* End PBXShellScriptBuildPhase section */

/* Begin PBXSourcesBuildPhase section */
		47D929242207984300B7DAF5 /* Sources */ = {
			isa = PBXSourcesBuildPhase;
			buildActionMask = 2147483647;
			files = (
				47109B4A221ADDF400B31774 /* UIColor+Hex.swift in Sources */,
				473A372B220DC85000BE9C34 /* Sequence+Nearest.swift in Sources */,
				477E6A832209DCC100EDB2AB /* CardView.swift in Sources */,
				470944042209B78B008FECFA /* CardsViewController.swift in Sources */,
				4709440A2209BAA6008FECFA /* UIViewController+Embeding.swift in Sources */,
				47109B3F221AD79F00B31774 /* Font.swift in Sources */,
				4752677022130A46002DDB71 /* UIScreen+ScreenSizeProviding.swift in Sources */,
				478D59842211A97F00D86292 /* CardsDataSourceProtocol.swift in Sources */,
				470944062209B7A7008FECFA /* CardsView.swift in Sources */,
				47447626220B9DA700DEDBBB /* CardViewModel.swift in Sources */,
				470A940822141FC000006564 /* CardViewControlling.swift in Sources */,
				473A3727220DC7EB00BE9C34 /* CardsConfiguration.swift in Sources */,
				47109B48221ADD8000B31774 /* UIFont+Font.swift in Sources */,
				473A3729220DC82E00BE9C34 /* UIScrollView+TransformToCenter.swift in Sources */,
				4752676E221305D1002DDB71 /* CardsSizesProvider.swift in Sources */,
				4752676C2213055F002DDB71 /* CardsSizesProviding.swift in Sources */,
				47447624220B9D9400DEDBBB /* CardsDataSource.swift in Sources */,
				47D9292E2207984300B7DAF5 /* SearchViewController.swift in Sources */,
				470943FF22099B67008FECFA /* SearchView.swift in Sources */,
				47115253220C51E5006FA2C4 /* CardViewController.swift in Sources */,
				47109B4F221AF53E00B31774 /* CardViewModel+Cards.swift in Sources */,
				47D9292C2207984300B7DAF5 /* AppDelegate.swift in Sources */,
			);
			runOnlyForDeploymentPostprocessing = 0;
		};
		47D929382207984400B7DAF5 /* Sources */ = {
			isa = PBXSourcesBuildPhase;
			buildActionMask = 2147483647;
			files = (
				470A940122140DCA00006564 /* CardsDataSourceStub.swift in Sources */,
				470A93FF22140C3B00006564 /* SearchViewController+SnapshotFixture.swift in Sources */,
				478D596F22118B7500D86292 /* CardViewControllerTests.swift in Sources */,
				4709440E2209BCCC008FECFA /* UIViewController+EmbedingSpec.swift in Sources */,
				478D597922118FDF00D86292 /* CardsViewController+SnapshotFixture.swift in Sources */,
				478D597F2211A06700D86292 /* SnapshotsConfiguration.swift in Sources */,
				478D597522118EEF00D86292 /* SearchViewControllerTests.swift in Sources */,
				478D597322118C0900D86292 /* CardViewController+SnapshotFixture.swift in Sources */,
				470A93FD221404A200006564 /* CardsConfiguration+TestData.swift in Sources */,
				478D597B2211903600D86292 /* CardsDataSource+SnapshotFixture.swift in Sources */,
				470A940622141A6200006564 /* CardsViewControllerTests.swift in Sources */,
				477E6A812209D8B900EDB2AB /* CardsViewControllerSpec.swift in Sources */,
				470A940322140F1C00006564 /* CardsSizesProviderStub.swift in Sources */,
				470A93FA221403F800006564 /* ScreenSizeProviderStub.swift in Sources */,
				470A93F7221403B300006564 /* CardsSizesProviderSpec.swift in Sources */,
				478D597D221192E200D86292 /* Sequence+NearestSpec.swift in Sources */,
				47D9294F2207993300B7DAF5 /* SearchViewControllerSpec.swift in Sources */,
			);
			runOnlyForDeploymentPostprocessing = 0;
		};
/* End PBXSourcesBuildPhase section */

/* Begin PBXTargetDependency section */
		47D9293E2207984400B7DAF5 /* PBXTargetDependency */ = {
			isa = PBXTargetDependency;
			target = 47D929272207984300B7DAF5 /* WineSearcher */;
			targetProxy = 47D9293D2207984400B7DAF5 /* PBXContainerItemProxy */;
		};
/* End PBXTargetDependency section */

/* Begin PBXVariantGroup section */
		47D929342207984400B7DAF5 /* LaunchScreen.storyboard */ = {
			isa = PBXVariantGroup;
			children = (
				47D929352207984400B7DAF5 /* Base */,
			);
			name = LaunchScreen.storyboard;
			path = .;
			sourceTree = "<group>";
		};
/* End PBXVariantGroup section */

/* Begin XCBuildConfiguration section */
		47D929432207984400B7DAF5 /* Debug */ = {
			isa = XCBuildConfiguration;
			buildSettings = {
				ALWAYS_SEARCH_USER_PATHS = NO;
				CLANG_ANALYZER_NONNULL = YES;
				CLANG_ANALYZER_NUMBER_OBJECT_CONVERSION = YES_AGGRESSIVE;
				CLANG_CXX_LANGUAGE_STANDARD = "gnu++14";
				CLANG_CXX_LIBRARY = "libc++";
				CLANG_ENABLE_MODULES = YES;
				CLANG_ENABLE_OBJC_ARC = YES;
				CLANG_ENABLE_OBJC_WEAK = YES;
				CLANG_WARN_BLOCK_CAPTURE_AUTORELEASING = YES;
				CLANG_WARN_BOOL_CONVERSION = YES;
				CLANG_WARN_COMMA = YES;
				CLANG_WARN_CONSTANT_CONVERSION = YES;
				CLANG_WARN_DEPRECATED_OBJC_IMPLEMENTATIONS = YES;
				CLANG_WARN_DIRECT_OBJC_ISA_USAGE = YES_ERROR;
				CLANG_WARN_DOCUMENTATION_COMMENTS = YES;
				CLANG_WARN_EMPTY_BODY = YES;
				CLANG_WARN_ENUM_CONVERSION = YES;
				CLANG_WARN_INFINITE_RECURSION = YES;
				CLANG_WARN_INT_CONVERSION = YES;
				CLANG_WARN_NON_LITERAL_NULL_CONVERSION = YES;
				CLANG_WARN_OBJC_IMPLICIT_RETAIN_SELF = YES;
				CLANG_WARN_OBJC_LITERAL_CONVERSION = YES;
				CLANG_WARN_OBJC_ROOT_CLASS = YES_ERROR;
				CLANG_WARN_RANGE_LOOP_ANALYSIS = YES;
				CLANG_WARN_STRICT_PROTOTYPES = YES;
				CLANG_WARN_SUSPICIOUS_MOVE = YES;
				CLANG_WARN_UNGUARDED_AVAILABILITY = YES_AGGRESSIVE;
				CLANG_WARN_UNREACHABLE_CODE = YES;
				CLANG_WARN__DUPLICATE_METHOD_MATCH = YES;
				COPY_PHASE_STRIP = NO;
				DEBUG_INFORMATION_FORMAT = dwarf;
				ENABLE_STRICT_OBJC_MSGSEND = YES;
				ENABLE_TESTABILITY = YES;
				GCC_C_LANGUAGE_STANDARD = gnu11;
				GCC_DYNAMIC_NO_PIC = NO;
				GCC_NO_COMMON_BLOCKS = YES;
				GCC_OPTIMIZATION_LEVEL = 0;
				GCC_PREPROCESSOR_DEFINITIONS = (
					"DEBUG=1",
					"$(inherited)",
				);
				GCC_WARN_64_TO_32_BIT_CONVERSION = YES;
				GCC_WARN_ABOUT_RETURN_TYPE = YES_ERROR;
				GCC_WARN_UNDECLARED_SELECTOR = YES;
				GCC_WARN_UNINITIALIZED_AUTOS = YES_AGGRESSIVE;
				GCC_WARN_UNUSED_FUNCTION = YES;
				GCC_WARN_UNUSED_VARIABLE = YES;
				IPHONEOS_DEPLOYMENT_TARGET = 12.0;
				MTL_ENABLE_DEBUG_INFO = INCLUDE_SOURCE;
				MTL_FAST_MATH = YES;
				ONLY_ACTIVE_ARCH = YES;
				SDKROOT = iphoneos;
				SWIFT_ACTIVE_COMPILATION_CONDITIONS = DEBUG;
				SWIFT_OPTIMIZATION_LEVEL = "-Onone";
			};
			name = Debug;
		};
		47D929442207984400B7DAF5 /* Release */ = {
			isa = XCBuildConfiguration;
			buildSettings = {
				ALWAYS_SEARCH_USER_PATHS = NO;
				CLANG_ANALYZER_NONNULL = YES;
				CLANG_ANALYZER_NUMBER_OBJECT_CONVERSION = YES_AGGRESSIVE;
				CLANG_CXX_LANGUAGE_STANDARD = "gnu++14";
				CLANG_CXX_LIBRARY = "libc++";
				CLANG_ENABLE_MODULES = YES;
				CLANG_ENABLE_OBJC_ARC = YES;
				CLANG_ENABLE_OBJC_WEAK = YES;
				CLANG_WARN_BLOCK_CAPTURE_AUTORELEASING = YES;
				CLANG_WARN_BOOL_CONVERSION = YES;
				CLANG_WARN_COMMA = YES;
				CLANG_WARN_CONSTANT_CONVERSION = YES;
				CLANG_WARN_DEPRECATED_OBJC_IMPLEMENTATIONS = YES;
				CLANG_WARN_DIRECT_OBJC_ISA_USAGE = YES_ERROR;
				CLANG_WARN_DOCUMENTATION_COMMENTS = YES;
				CLANG_WARN_EMPTY_BODY = YES;
				CLANG_WARN_ENUM_CONVERSION = YES;
				CLANG_WARN_INFINITE_RECURSION = YES;
				CLANG_WARN_INT_CONVERSION = YES;
				CLANG_WARN_NON_LITERAL_NULL_CONVERSION = YES;
				CLANG_WARN_OBJC_IMPLICIT_RETAIN_SELF = YES;
				CLANG_WARN_OBJC_LITERAL_CONVERSION = YES;
				CLANG_WARN_OBJC_ROOT_CLASS = YES_ERROR;
				CLANG_WARN_RANGE_LOOP_ANALYSIS = YES;
				CLANG_WARN_STRICT_PROTOTYPES = YES;
				CLANG_WARN_SUSPICIOUS_MOVE = YES;
				CLANG_WARN_UNGUARDED_AVAILABILITY = YES_AGGRESSIVE;
				CLANG_WARN_UNREACHABLE_CODE = YES;
				CLANG_WARN__DUPLICATE_METHOD_MATCH = YES;
				COPY_PHASE_STRIP = NO;
				DEBUG_INFORMATION_FORMAT = "dwarf-with-dsym";
				ENABLE_NS_ASSERTIONS = NO;
				ENABLE_STRICT_OBJC_MSGSEND = YES;
				GCC_C_LANGUAGE_STANDARD = gnu11;
				GCC_NO_COMMON_BLOCKS = YES;
				GCC_WARN_64_TO_32_BIT_CONVERSION = YES;
				GCC_WARN_ABOUT_RETURN_TYPE = YES_ERROR;
				GCC_WARN_UNDECLARED_SELECTOR = YES;
				GCC_WARN_UNINITIALIZED_AUTOS = YES_AGGRESSIVE;
				GCC_WARN_UNUSED_FUNCTION = YES;
				GCC_WARN_UNUSED_VARIABLE = YES;
				IPHONEOS_DEPLOYMENT_TARGET = 12.0;
				MTL_ENABLE_DEBUG_INFO = NO;
				MTL_FAST_MATH = YES;
				SDKROOT = iphoneos;
				SWIFT_COMPILATION_MODE = wholemodule;
				SWIFT_OPTIMIZATION_LEVEL = "-O";
				VALIDATE_PRODUCT = YES;
			};
			name = Release;
		};
		47D929462207984400B7DAF5 /* Debug */ = {
			isa = XCBuildConfiguration;
			baseConfigurationReference = F6766EE61E1613FE37A38890 /* Pods-WineSearcher.debug.xcconfig */;
			buildSettings = {
				ALWAYS_EMBED_SWIFT_STANDARD_LIBRARIES = "$(inherited)";
				ASSETCATALOG_COMPILER_APPICON_NAME = AppIcon;
				CODE_SIGN_IDENTITY = "iPhone Developer";
				CODE_SIGN_STYLE = Automatic;
				DEVELOPMENT_TEAM = TC4LDUY2D5;
				INFOPLIST_FILE = "$(SRCROOT)/WineSearcher/SupportingFiles/Info.plist";
				LD_RUNPATH_SEARCH_PATHS = (
					"$(inherited)",
					"@executable_path/Frameworks",
				);
				PRODUCT_BUNDLE_IDENTIFIER = com.elpassion.WineSearcher;
				PRODUCT_NAME = "$(TARGET_NAME)";
				PROVISIONING_PROFILE_SPECIFIER = "";
				SWIFT_VERSION = 4.2;
				TARGETED_DEVICE_FAMILY = "1,2";
			};
			name = Debug;
		};
		47D929472207984400B7DAF5 /* Release */ = {
			isa = XCBuildConfiguration;
			baseConfigurationReference = E9E560BB0AD938330742DC87 /* Pods-WineSearcher.release.xcconfig */;
			buildSettings = {
				ALWAYS_EMBED_SWIFT_STANDARD_LIBRARIES = "$(inherited)";
				ASSETCATALOG_COMPILER_APPICON_NAME = AppIcon;
				CODE_SIGN_IDENTITY = "iPhone Developer";
				CODE_SIGN_STYLE = Automatic;
				DEVELOPMENT_TEAM = TC4LDUY2D5;
				INFOPLIST_FILE = "$(SRCROOT)/WineSearcher/SupportingFiles/Info.plist";
				LD_RUNPATH_SEARCH_PATHS = (
					"$(inherited)",
					"@executable_path/Frameworks",
				);
				PRODUCT_BUNDLE_IDENTIFIER = com.elpassion.WineSearcher;
				PRODUCT_NAME = "$(TARGET_NAME)";
				PROVISIONING_PROFILE_SPECIFIER = "";
				SWIFT_VERSION = 4.2;
				TARGETED_DEVICE_FAMILY = "1,2";
			};
			name = Release;
		};
		47D929492207984400B7DAF5 /* Debug */ = {
			isa = XCBuildConfiguration;
			baseConfigurationReference = BD34E3011AD58AB07D284C2A /* Pods-WineSearcherTests.debug.xcconfig */;
			buildSettings = {
				ALWAYS_EMBED_SWIFT_STANDARD_LIBRARIES = "$(inherited)";
				BUNDLE_LOADER = "$(TEST_HOST)";
				INFOPLIST_FILE = WineSearcherTests/SupportingFiles/Info.plist;
				LD_RUNPATH_SEARCH_PATHS = (
					"$(inherited)",
					"@executable_path/Frameworks",
					"@loader_path/Frameworks",
				);
				PRODUCT_BUNDLE_IDENTIFIER = com.elpassion.WineSearcherTests;
				PRODUCT_NAME = "$(TARGET_NAME)";
				SWIFT_VERSION = 4.2;
				TARGETED_DEVICE_FAMILY = "1,2";
				TEST_HOST = "$(BUILT_PRODUCTS_DIR)/WineSearcher.app/WineSearcher";
			};
			name = Debug;
		};
		47D9294A2207984400B7DAF5 /* Release */ = {
			isa = XCBuildConfiguration;
			baseConfigurationReference = 2252CC5508DD0010601B493F /* Pods-WineSearcherTests.release.xcconfig */;
			buildSettings = {
				ALWAYS_EMBED_SWIFT_STANDARD_LIBRARIES = "$(inherited)";
				BUNDLE_LOADER = "$(TEST_HOST)";
				INFOPLIST_FILE = WineSearcherTests/SupportingFiles/Info.plist;
				LD_RUNPATH_SEARCH_PATHS = (
					"$(inherited)",
					"@executable_path/Frameworks",
					"@loader_path/Frameworks",
				);
				PRODUCT_BUNDLE_IDENTIFIER = com.elpassion.WineSearcherTests;
				PRODUCT_NAME = "$(TARGET_NAME)";
				SWIFT_VERSION = 4.2;
				TARGETED_DEVICE_FAMILY = "1,2";
				TEST_HOST = "$(BUILT_PRODUCTS_DIR)/WineSearcher.app/WineSearcher";
			};
			name = Release;
		};
/* End XCBuildConfiguration section */

/* Begin XCConfigurationList section */
		47D929232207984300B7DAF5 /* Build configuration list for PBXProject "WineSearcher" */ = {
			isa = XCConfigurationList;
			buildConfigurations = (
				47D929432207984400B7DAF5 /* Debug */,
				47D929442207984400B7DAF5 /* Release */,
			);
			defaultConfigurationIsVisible = 0;
			defaultConfigurationName = Release;
		};
		47D929452207984400B7DAF5 /* Build configuration list for PBXNativeTarget "WineSearcher" */ = {
			isa = XCConfigurationList;
			buildConfigurations = (
				47D929462207984400B7DAF5 /* Debug */,
				47D929472207984400B7DAF5 /* Release */,
			);
			defaultConfigurationIsVisible = 0;
			defaultConfigurationName = Release;
		};
		47D929482207984400B7DAF5 /* Build configuration list for PBXNativeTarget "WineSearcherTests" */ = {
			isa = XCConfigurationList;
			buildConfigurations = (
				47D929492207984400B7DAF5 /* Debug */,
				47D9294A2207984400B7DAF5 /* Release */,
			);
			defaultConfigurationIsVisible = 0;
			defaultConfigurationName = Release;
		};
/* End XCConfigurationList section */
	};
	rootObject = 47D929202207984300B7DAF5 /* Project object */;
}
